
Microsoft Visual Studio Solution File, Format Version 11.00
# Visual C++ Express 2010
Project("{8BC9CEB8-8B4A-11D0-8D11-00A0C91BC942}") = "MonsterGame", "MonsterGame\MonsterGame.vcxproj", "{5D0188B1-67E5-497D-8376-271B9433CE99}"
EndProject
Global
	GlobalSection(SolutionConfigurationPlatforms) = preSolution
		Debug|Win32 = Debug|Win32
		Release|Win32 = Release|Win32
	EndGlobalSection
	GlobalSection(ProjectConfigurationPlatforms) = postSolution
		{5D0188B1-67E5-497D-8376-271B9433CE99}.Debug|Win32.ActiveCfg = Debug|Win32
		{5D0188B1-67E5-497D-8376-271B9433CE99}.Debug|Win32.Build.0 = Debug|Win32
		{5D0188B1-67E5-497D-8376-271B9433CE99}.Release|Win32.ActiveCfg = Release|Win32
		{5D0188B1-67E5-497D-8376-271B9433CE99}.Release|Win32.Build.0 = Release|Win32
	EndGlobalSection
	GlobalSection(SolutionProperties) = preSolution
		HideSolutionNode = FALSE
	EndGlobalSection
EndGlobal
